
Microsoft Visual Studio Solution File, Format Version 12.00
# Visual Studio Version 17
VisualStudioVersion = 17.6.33723.286
MinimumVisualStudioVersion = 10.0.40219.1
Project("{888888A0-9F3D-457C-B088-3A5042F75D52}") = "13", "13.pyproj", "{9421B37F-FBC5-43F1-913D-F3221A6A1490}"
EndProject
Global
	GlobalSection(SolutionConfigurationPlatforms) = preSolution
		Debug|Any CPU = Debug|Any CPU
		Release|Any CPU = Release|Any CPU
	EndGlobalSection
	GlobalSection(ProjectConfigurationPlatforms) = postSolution
		{9421B37F-FBC5-43F1-913D-F3221A6A1490}.Debug|Any CPU.ActiveCfg = Debug|Any CPU
		{9421B37F-FBC5-43F1-913D-F3221A6A1490}.Release|Any CPU.ActiveCfg = Release|Any CPU
	EndGlobalSection
	GlobalSection(SolutionProperties) = preSolution
		HideSolutionNode = FALSE
	EndGlobalSection
	GlobalSection(ExtensibilityGlobals) = postSolution
		SolutionGuid = {1F0AF11A-44CA-44E2-8A3F-B13673D0CACC}
	EndGlobalSection
EndGlobal
